
Microsoft Visual Studio Solution File, Format Version 12.00
# Visual Studio Version 17
VisualStudioVersion = 17.4.33110.190
MinimumVisualStudioVersion = 10.0.40219.1
Project("{FAE04EC0-301F-11D3-BF4B-00C04F79EFBC}") = "OctokittyDISCORD", "OctokittyDISCORD.csproj", "{CFA438D7-0830-4598-AA01-A0B5F40BB415}"
EndProject
Global
	GlobalSection(SolutionConfigurationPlatforms) = preSolution
		Debug|Any CPU = Debug|Any CPU
		Release|Any CPU = Release|Any CPU
	EndGlobalSection
	GlobalSection(ProjectConfigurationPlatforms) = postSolution
		{CFA438D7-0830-4598-AA01-A0B5F40BB415}.Debug|Any CPU.ActiveCfg = Debug|Any CPU
		{CFA438D7-0830-4598-AA01-A0B5F40BB415}.Debug|Any CPU.Build.0 = Debug|Any CPU
		{CFA438D7-0830-4598-AA01-A0B5F40BB415}.Release|Any CPU.ActiveCfg = Release|Any CPU
		{CFA438D7-0830-4598-AA01-A0B5F40BB415}.Release|Any CPU.Build.0 = Release|Any CPU
	EndGlobalSection
	GlobalSection(SolutionProperties) = preSolution
		HideSolutionNode = FALSE
	EndGlobalSection
	GlobalSection(ExtensibilityGlobals) = postSolution
		SolutionGuid = {F1E09338-DBD5-4BE5-A138-15F8F95FDAD3}
	EndGlobalSection
EndGlobal
