
Microsoft Visual Studio Solution File, Format Version 12.00
# Visual Studio Version 17
VisualStudioVersion = 17.4.33403.182
MinimumVisualStudioVersion = 10.0.40219.1
Project("{FAE04EC0-301F-11D3-BF4B-00C04F79EFBC}") = "Zustand", "Zustand.csproj", "{0054F894-8A6E-4DAB-8D79-428CCEC1CEF3}"
EndProject
Global
	GlobalSection(SolutionConfigurationPlatforms) = preSolution
		Debug|Any CPU = Debug|Any CPU
		Release|Any CPU = Release|Any CPU
	EndGlobalSection
	GlobalSection(ProjectConfigurationPlatforms) = postSolution
		{0054F894-8A6E-4DAB-8D79-428CCEC1CEF3}.Debug|Any CPU.ActiveCfg = Debug|Any CPU
		{0054F894-8A6E-4DAB-8D79-428CCEC1CEF3}.Debug|Any CPU.Build.0 = Debug|Any CPU
		{0054F894-8A6E-4DAB-8D79-428CCEC1CEF3}.Release|Any CPU.ActiveCfg = Release|Any CPU
		{0054F894-8A6E-4DAB-8D79-428CCEC1CEF3}.Release|Any CPU.Build.0 = Release|Any CPU
	EndGlobalSection
	GlobalSection(SolutionProperties) = preSolution
		HideSolutionNode = FALSE
	EndGlobalSection
	GlobalSection(ExtensibilityGlobals) = postSolution
		SolutionGuid = {4600AE65-BD78-4602-BCCB-22FFD64A481F}
	EndGlobalSection
EndGlobal
